
Microsoft Visual Studio Solution File, Format Version 12.00
# Visual Studio Version 17
VisualStudioVersion = 17.0.31919.166
MinimumVisualStudioVersion = 10.0.40219.1
Project("{FAE04EC0-301F-11D3-BF4B-00C04F79EFBC}") = "BulkyBookWeb", "BulkyBookWeb\BulkyBookWeb.csproj", "{6C23ECE4-26FF-4E0F-9637-2A8F7FCF904D}"
EndProject
Global
	GlobalSection(SolutionConfigurationPlatforms) = preSolution
		Debug|Any CPU = Debug|Any CPU
		Release|Any CPU = Release|Any CPU
	EndGlobalSection
	GlobalSection(ProjectConfigurationPlatforms) = postSolution
		{6C23ECE4-26FF-4E0F-9637-2A8F7FCF904D}.Debug|Any CPU.ActiveCfg = Debug|Any CPU
		{6C23ECE4-26FF-4E0F-9637-2A8F7FCF904D}.Debug|Any CPU.Build.0 = Debug|Any CPU
		{6C23ECE4-26FF-4E0F-9637-2A8F7FCF904D}.Release|Any CPU.ActiveCfg = Release|Any CPU
		{6C23ECE4-26FF-4E0F-9637-2A8F7FCF904D}.Release|Any CPU.Build.0 = Release|Any CPU
	EndGlobalSection
	GlobalSection(SolutionProperties) = preSolution
		HideSolutionNode = FALSE
	EndGlobalSection
	GlobalSection(ExtensibilityGlobals) = postSolution
		SolutionGuid = {73338206-F378-46B5-8E6D-79AD593D2ABB}
	EndGlobalSection
EndGlobal
