
Microsoft Visual Studio Solution File, Format Version 12.00
# Visual Studio Version 17
VisualStudioVersion = 17.0.31919.166
MinimumVisualStudioVersion = 10.0.40219.1
Project("{9A19103F-16F7-4668-BE54-9A1E7A4F7556}") = "AbbyWeb", "AbbyWeb\AbbyWeb.csproj", "{8C3635D4-59A7-452D-83D6-DAC4BB0F72C4}"
EndProject
Global
	GlobalSection(SolutionConfigurationPlatforms) = preSolution
		Debug|Any CPU = Debug|Any CPU
		Release|Any CPU = Release|Any CPU
	EndGlobalSection
	GlobalSection(ProjectConfigurationPlatforms) = postSolution
		{8C3635D4-59A7-452D-83D6-DAC4BB0F72C4}.Debug|Any CPU.ActiveCfg = Debug|Any CPU
		{8C3635D4-59A7-452D-83D6-DAC4BB0F72C4}.Debug|Any CPU.Build.0 = Debug|Any CPU
		{8C3635D4-59A7-452D-83D6-DAC4BB0F72C4}.Release|Any CPU.ActiveCfg = Release|Any CPU
		{8C3635D4-59A7-452D-83D6-DAC4BB0F72C4}.Release|Any CPU.Build.0 = Release|Any CPU
	EndGlobalSection
	GlobalSection(SolutionProperties) = preSolution
		HideSolutionNode = FALSE
	EndGlobalSection
	GlobalSection(ExtensibilityGlobals) = postSolution
		SolutionGuid = {28270466-9B6A-42B8-A825-BBD9F9B3352C}
	EndGlobalSection
EndGlobal
